
Microsoft Visual Studio Solution File, Format Version 12.00
# Visual Studio Version 16
VisualStudioVersion = 16.0.29728.190
MinimumVisualStudioVersion = 10.0.40219.1
Project("{FAE04EC0-301F-11D3-BF4B-00C04F79EFBC}") = "CapCsharpEFConsole", "CapCsharpEntityFramework\CapCsharpEFConsole.csproj", "{0F345BA4-D5BF-494D-8093-4FFA54CE185D}"
EndProject
Project("{FAE04EC0-301F-11D3-BF4B-00C04F79EFBC}") = "CapCSharpEFLibrary", "CapCSharpEFLibrary\CapCSharpEFLibrary.csproj", "{D60FBA35-0437-4C2C-AC22-61CF4D4E8747}"
EndProject
Global
	GlobalSection(SolutionConfigurationPlatforms) = preSolution
		Debug|Any CPU = Debug|Any CPU
		Release|Any CPU = Release|Any CPU
	EndGlobalSection
	GlobalSection(ProjectConfigurationPlatforms) = postSolution
		{0F345BA4-D5BF-494D-8093-4FFA54CE185D}.Debug|Any CPU.ActiveCfg = Debug|Any CPU
		{0F345BA4-D5BF-494D-8093-4FFA54CE185D}.Debug|Any CPU.Build.0 = Debug|Any CPU
		{0F345BA4-D5BF-494D-8093-4FFA54CE185D}.Release|Any CPU.ActiveCfg = Release|Any CPU
		{0F345BA4-D5BF-494D-8093-4FFA54CE185D}.Release|Any CPU.Build.0 = Release|Any CPU
		{D60FBA35-0437-4C2C-AC22-61CF4D4E8747}.Debug|Any CPU.ActiveCfg = Debug|Any CPU
		{D60FBA35-0437-4C2C-AC22-61CF4D4E8747}.Debug|Any CPU.Build.0 = Debug|Any CPU
		{D60FBA35-0437-4C2C-AC22-61CF4D4E8747}.Release|Any CPU.ActiveCfg = Release|Any CPU
		{D60FBA35-0437-4C2C-AC22-61CF4D4E8747}.Release|Any CPU.Build.0 = Release|Any CPU
	EndGlobalSection
	GlobalSection(SolutionProperties) = preSolution
		HideSolutionNode = FALSE
	EndGlobalSection
	GlobalSection(ExtensibilityGlobals) = postSolution
		SolutionGuid = {3FAC3698-10AF-4737-BA72-D1865F64363A}
	EndGlobalSection
EndGlobal
